{
    "name": "ng-tailwind",
    "version": "4.1.5",
    "lockfileVersion": 2,
    "requires": true,
    "packages": {
        "": {
            "name": "ng-tailwind",
            "version": "4.1.5",
            "dependencies": {
                "inputmask": "^5.0.8",
                "moment": "^2.29.4",
                "tslib": "^2.4.0"
            },
            "devDependencies": {
                "@types/node": "^18.10.0"
            },
            "peerDependencies": {
                "@angular/common": "<16.0.0",
                "@angular/core": "<16.0.0",
                "@ng-select/ng-select": ">=10.0.3",
                "angular-svg-icon": "^8.0.0",
                "eloverde-doc-viewer": ">=1.1.0",
                "flatpickr": ">=4.6.3",
                "ng2-flatpickr": ">=9.0.0",
                "ngx-dropzone": ">=2.2.2",
                "rxjs": ">=7.5.5",
                "viewerjs": ">=1.10.5"
            }
        },
        "node_modules/@angular/common": {
            "version": "15.2.8",
            "resolved": "https://registry.npmjs.org/@angular/common/-/common-15.2.8.tgz",
            "integrity": "sha512-yLDQihiRcVl38HrWMPbqgzOaSUw85AQH5BsGdjbS6BpoBQj3EXOpccCMFsuxOKxPG4toatgawNqrEnK0Jpv9Mw==",
            "peer": true,
            "dependencies": {
                "tslib": "^2.3.0"
            },
            "engines": {
                "node": "^14.20.0 || ^16.13.0 || >=18.10.0"
            },
            "peerDependencies": {
                "@angular/core": "15.2.8",
                "rxjs": "^6.5.3 || ^7.4.0"
            }
        },
        "node_modules/@angular/core": {
            "version": "15.2.8",
            "resolved": "https://registry.npmjs.org/@angular/core/-/core-15.2.8.tgz",
            "integrity": "sha512-NDs+g4uM4EhyCvluf8a0YBCFXsDAEfCMHOD5cS00Bl+liTQ7JwtmepkWXMyjLB92irC9JaR79kdy4BoIKOh8WA==",
            "peer": true,
            "dependencies": {
                "tslib": "^2.3.0"
            },
            "engines": {
                "node": "^14.20.0 || ^16.13.0 || >=18.10.0"
            },
            "peerDependencies": {
                "rxjs": "^6.5.3 || ^7.4.0",
                "zone.js": "~0.11.4 || ~0.12.0 || ~0.13.0"
            }
        },
        "node_modules/@angular/forms": {
            "version": "15.2.8",
            "resolved": "https://registry.npmjs.org/@angular/forms/-/forms-15.2.8.tgz",
            "integrity": "sha512-VyevVj20DdQWjAQUyiFTe+DAzqG9GqfAOWn376Y/lhPcwxAojXePTGNgtQud566/urDrNrP5haaLD6O36/3n+w==",
            "peer": true,
            "dependencies": {
                "tslib": "^2.3.0"
            },
            "engines": {
                "node": "^14.20.0 || ^16.13.0 || >=18.10.0"
            },
            "peerDependencies": {
                "@angular/common": "15.2.8",
                "@angular/core": "15.2.8",
                "@angular/platform-browser": "15.2.8",
                "rxjs": "^6.5.3 || ^7.4.0"
            }
        },
        "node_modules/@angular/platform-browser": {
            "version": "15.2.8",
            "resolved": "https://registry.npmjs.org/@angular/platform-browser/-/platform-browser-15.2.8.tgz",
            "integrity": "sha512-8sKFUld54inj0FnQ1ydhFxnDgsbbf43W9FALye/5uEtLgwwE/ZvkNYMaQ7hq1JPuQRMDj3gJkFqaLeFjplpHDA==",
            "peer": true,
            "dependencies": {
                "tslib": "^2.3.0"
            },
            "engines": {
                "node": "^14.20.0 || ^16.13.0 || >=18.10.0"
            },
            "peerDependencies": {
                "@angular/animations": "15.2.8",
                "@angular/common": "15.2.8",
                "@angular/core": "15.2.8"
            },
            "peerDependenciesMeta": {
                "@angular/animations": {
                    "optional": true
                }
            }
        },
        "node_modules/@ng-select/ng-select": {
            "version": "10.0.4",
            "resolved": "https://registry.npmjs.org/@ng-select/ng-select/-/ng-select-10.0.4.tgz",
            "integrity": "sha512-Vc/JIgcFkSgf47cX7+pQQo9HYhDktfqrY7o/ZPGMvu63P7E9d1MibVipqmcLbgms6Ac9lu621CDZPGHdxag7hA==",
            "peer": true,
            "dependencies": {
                "tslib": "^2.3.1"
            },
            "engines": {
                "node": ">= 12.20.0",
                "npm": ">= 6.0.0"
            },
            "peerDependencies": {
                "@angular/common": "<16.0.0",
                "@angular/core": "<16.0.0",
                "@angular/forms": "<16.0.0"
            }
        },
        "node_modules/@types/node": {
            "version": "18.15.13",
            "resolved": "https://registry.npmjs.org/@types/node/-/node-18.15.13.tgz",
            "integrity": "sha512-N+0kuo9KgrUQ1Sn/ifDXsvg0TTleP7rIy4zOBGECxAljqvqfqpTfzx0Q1NUedOixRMBfe2Whhb056a42cWs26Q==",
            "dev": true
        },
        "node_modules/angular-svg-icon": {
            "version": "8.0.0",
            "resolved": "https://registry.npmjs.org/angular-svg-icon/-/angular-svg-icon-8.0.0.tgz",
            "integrity": "sha512-BCkurh8K42QSpZpWb3nJRU62u6/OvH0nPMzq+mjgAioLMsq46C8LNpO2bjSvxn+D0ufZic41y/BnxjUD00F1Bg==",
            "peer": true,
            "dependencies": {
                "tslib": "^1.9.0"
            },
            "peerDependencies": {
                "@angular/common": ">=7.0.0",
                "@angular/core": ">=7.0.0",
                "rxjs": ">=6.0.0"
            }
        },
        "node_modules/angular-svg-icon/node_modules/tslib": {
            "version": "1.14.1",
            "resolved": "https://registry.npmjs.org/tslib/-/tslib-1.14.1.tgz",
            "integrity": "sha512-Xni35NKzjgMrwevysHTCArtLDpPvye8zV/0E4EyYn43P7/7qvQwPh9BGkHewbMulVntbigmcT7rdX3BNo9wRJg==",
            "peer": true
        },
        "node_modules/eloverde-doc-viewer": {
            "version": "1.1.0",
            "resolved": "https://registry.npmjs.org/eloverde-doc-viewer/-/eloverde-doc-viewer-1.1.0.tgz",
            "integrity": "sha512-GJuSmuc3whI5GN+WweNgwP4pDooIhmkZnyD2/t0vC4x9kaIbfGHFbzOQX7TqBbedNqPlVSzipA3xObhiGdstrw==",
            "peer": true,
            "dependencies": {
                "tslib": "^2.1.0"
            },
            "peerDependencies": {
                "@angular/common": ">= 10.0.0",
                "@angular/core": ">= 10.0.0",
                "@angular/platform-browser": ">= 10.0.0"
            }
        },
        "node_modules/flatpickr": {
            "version": "4.6.13",
            "resolved": "https://registry.npmjs.org/flatpickr/-/flatpickr-4.6.13.tgz",
            "integrity": "sha512-97PMG/aywoYpB4IvbvUJi0RQi8vearvU0oov1WW3k0WZPBMrTQVqekSX5CjSG/M4Q3i6A/0FKXC7RyAoAUUSPw==",
            "peer": true
        },
        "node_modules/inputmask": {
            "version": "5.0.8",
            "resolved": "https://registry.npmjs.org/inputmask/-/inputmask-5.0.8.tgz",
            "integrity": "sha512-1WcbyudPTXP1B28ozWWyFa6QRIUG4KiLoyR6LFHlpT4OfTzRqFfWgHFadNvRuMN1S9XNVz9CdNvCGjJi+uAMqQ=="
        },
        "node_modules/moment": {
            "version": "2.29.4",
            "resolved": "https://registry.npmjs.org/moment/-/moment-2.29.4.tgz",
            "integrity": "sha512-5LC9SOxjSc2HF6vO2CyuTDNivEdoz2IvyJJGj6X8DJ0eFyfszE0QiEd+iXmBvUP3WHxSjFH/vIsA0EN00cgr8w==",
            "engines": {
                "node": "*"
            }
        },
        "node_modules/ng2-flatpickr": {
            "version": "9.0.0",
            "resolved": "https://registry.npmjs.org/ng2-flatpickr/-/ng2-flatpickr-9.0.0.tgz",
            "integrity": "sha512-lqoiVNOj0UukHrIHiMI0+ei34IlTaDFhYLnSv1U3iAbix+nsZ8RWHWXmW0noVYwALYbUf1U4IpGOWgLb3brAiA==",
            "peer": true,
            "dependencies": {
                "tslib": "^1.9.0"
            },
            "peerDependencies": {
                "flatpickr": "^4.6.0"
            }
        },
        "node_modules/ng2-flatpickr/node_modules/tslib": {
            "version": "1.14.1",
            "resolved": "https://registry.npmjs.org/tslib/-/tslib-1.14.1.tgz",
            "integrity": "sha512-Xni35NKzjgMrwevysHTCArtLDpPvye8zV/0E4EyYn43P7/7qvQwPh9BGkHewbMulVntbigmcT7rdX3BNo9wRJg==",
            "peer": true
        },
        "node_modules/ngx-dropzone": {
            "version": "3.1.0",
            "resolved": "https://registry.npmjs.org/ngx-dropzone/-/ngx-dropzone-3.1.0.tgz",
            "integrity": "sha512-5RBaEl07QUcY6sv/BBPyIxN6nbWY/KqTGheEKgbuGS0N1QPFY7NJUo8+X3fYUwQgLS+wjJeqPiR37dd0YNDtWA==",
            "peer": true,
            "dependencies": {
                "tslib": "^2.0.0"
            }
        },
        "node_modules/rxjs": {
            "version": "7.8.0",
            "resolved": "https://registry.npmjs.org/rxjs/-/rxjs-7.8.0.tgz",
            "integrity": "sha512-F2+gxDshqmIub1KdvZkaEfGDwLNpPvk9Fs6LD/MyQxNgMds/WH9OdDDXOmxUZpME+iSK3rQCctkL0DYyytUqMg==",
            "peer": true,
            "dependencies": {
                "tslib": "^2.1.0"
            }
        },
        "node_modules/tslib": {
            "version": "2.5.0",
            "resolved": "https://registry.npmjs.org/tslib/-/tslib-2.5.0.tgz",
            "integrity": "sha512-336iVw3rtn2BUK7ORdIAHTyxHGRIHVReokCR3XjbckJMK7ms8FysBfhLR8IXnAgy7T0PTPNBWKiH514FOW/WSg=="
        },
        "node_modules/viewerjs": {
            "version": "1.11.3",
            "resolved": "https://registry.npmjs.org/viewerjs/-/viewerjs-1.11.3.tgz",
            "integrity": "sha512-efG3U61Umuj/1x6JAtdvnY9m407C/RkrkFilsMcLEWKDivpjNU3/FeL+feCY1Vkur9aQeBJ+z6K4CCPP7hv6vA==",
            "peer": true
        },
        "node_modules/zone.js": {
            "version": "0.13.0",
            "resolved": "https://registry.npmjs.org/zone.js/-/zone.js-0.13.0.tgz",
            "integrity": "sha512-7m3hNNyswsdoDobCkYNAy5WiUulkMd3+fWaGT9ij6iq3Zr/IwJo4RMCYPSDjT+r7tnPErmY9sZpKhWQ8S5k6XQ==",
            "peer": true,
            "dependencies": {
                "tslib": "^2.3.0"
            }
        }
    },
    "dependencies": {
        "@angular/common": {
            "version": "15.2.8",
            "resolved": "https://registry.npmjs.org/@angular/common/-/common-15.2.8.tgz",
            "integrity": "sha512-yLDQihiRcVl38HrWMPbqgzOaSUw85AQH5BsGdjbS6BpoBQj3EXOpccCMFsuxOKxPG4toatgawNqrEnK0Jpv9Mw==",
            "peer": true,
            "requires": {
                "tslib": "^2.3.0"
            }
        },
        "@angular/core": {
            "version": "15.2.8",
            "resolved": "https://registry.npmjs.org/@angular/core/-/core-15.2.8.tgz",
            "integrity": "sha512-NDs+g4uM4EhyCvluf8a0YBCFXsDAEfCMHOD5cS00Bl+liTQ7JwtmepkWXMyjLB92irC9JaR79kdy4BoIKOh8WA==",
            "peer": true,
            "requires": {
                "tslib": "^2.3.0"
            }
        },
        "@angular/forms": {
            "version": "15.2.8",
            "resolved": "https://registry.npmjs.org/@angular/forms/-/forms-15.2.8.tgz",
            "integrity": "sha512-VyevVj20DdQWjAQUyiFTe+DAzqG9GqfAOWn376Y/lhPcwxAojXePTGNgtQud566/urDrNrP5haaLD6O36/3n+w==",
            "peer": true,
            "requires": {
                "tslib": "^2.3.0"
            }
        },
        "@angular/platform-browser": {
            "version": "15.2.8",
            "resolved": "https://registry.npmjs.org/@angular/platform-browser/-/platform-browser-15.2.8.tgz",
            "integrity": "sha512-8sKFUld54inj0FnQ1ydhFxnDgsbbf43W9FALye/5uEtLgwwE/ZvkNYMaQ7hq1JPuQRMDj3gJkFqaLeFjplpHDA==",
            "peer": true,
            "requires": {
                "tslib": "^2.3.0"
            }
        },
        "@ng-select/ng-select": {
            "version": "10.0.4",
            "resolved": "https://registry.npmjs.org/@ng-select/ng-select/-/ng-select-10.0.4.tgz",
            "integrity": "sha512-Vc/JIgcFkSgf47cX7+pQQo9HYhDktfqrY7o/ZPGMvu63P7E9d1MibVipqmcLbgms6Ac9lu621CDZPGHdxag7hA==",
            "peer": true,
            "requires": {
                "tslib": "^2.3.1"
            }
        },
        "@types/node": {
            "version": "18.15.13",
            "resolved": "https://registry.npmjs.org/@types/node/-/node-18.15.13.tgz",
            "integrity": "sha512-N+0kuo9KgrUQ1Sn/ifDXsvg0TTleP7rIy4zOBGECxAljqvqfqpTfzx0Q1NUedOixRMBfe2Whhb056a42cWs26Q==",
            "dev": true
        },
        "angular-svg-icon": {
            "version": "8.0.0",
            "resolved": "https://registry.npmjs.org/angular-svg-icon/-/angular-svg-icon-8.0.0.tgz",
            "integrity": "sha512-BCkurh8K42QSpZpWb3nJRU62u6/OvH0nPMzq+mjgAioLMsq46C8LNpO2bjSvxn+D0ufZic41y/BnxjUD00F1Bg==",
            "peer": true,
            "requires": {
                "tslib": "^1.9.0"
            },
            "dependencies": {
                "tslib": {
                    "version": "1.14.1",
                    "resolved": "https://registry.npmjs.org/tslib/-/tslib-1.14.1.tgz",
                    "integrity": "sha512-Xni35NKzjgMrwevysHTCArtLDpPvye8zV/0E4EyYn43P7/7qvQwPh9BGkHewbMulVntbigmcT7rdX3BNo9wRJg==",
                    "peer": true
                }
            }
        },
        "eloverde-doc-viewer": {
            "version": "1.1.0",
            "resolved": "https://registry.npmjs.org/eloverde-doc-viewer/-/eloverde-doc-viewer-1.1.0.tgz",
            "integrity": "sha512-GJuSmuc3whI5GN+WweNgwP4pDooIhmkZnyD2/t0vC4x9kaIbfGHFbzOQX7TqBbedNqPlVSzipA3xObhiGdstrw==",
            "peer": true,
            "requires": {
                "tslib": "^2.1.0"
            }
        },
        "flatpickr": {
            "version": "4.6.13",
            "resolved": "https://registry.npmjs.org/flatpickr/-/flatpickr-4.6.13.tgz",
            "integrity": "sha512-97PMG/aywoYpB4IvbvUJi0RQi8vearvU0oov1WW3k0WZPBMrTQVqekSX5CjSG/M4Q3i6A/0FKXC7RyAoAUUSPw==",
            "peer": true
        },
        "inputmask": {
            "version": "5.0.8",
            "resolved": "https://registry.npmjs.org/inputmask/-/inputmask-5.0.8.tgz",
            "integrity": "sha512-1WcbyudPTXP1B28ozWWyFa6QRIUG4KiLoyR6LFHlpT4OfTzRqFfWgHFadNvRuMN1S9XNVz9CdNvCGjJi+uAMqQ=="
        },
        "moment": {
            "version": "2.29.4",
            "resolved": "https://registry.npmjs.org/moment/-/moment-2.29.4.tgz",
            "integrity": "sha512-5LC9SOxjSc2HF6vO2CyuTDNivEdoz2IvyJJGj6X8DJ0eFyfszE0QiEd+iXmBvUP3WHxSjFH/vIsA0EN00cgr8w=="
        },
        "ng2-flatpickr": {
            "version": "9.0.0",
            "resolved": "https://registry.npmjs.org/ng2-flatpickr/-/ng2-flatpickr-9.0.0.tgz",
            "integrity": "sha512-lqoiVNOj0UukHrIHiMI0+ei34IlTaDFhYLnSv1U3iAbix+nsZ8RWHWXmW0noVYwALYbUf1U4IpGOWgLb3brAiA==",
            "peer": true,
            "requires": {
                "tslib": "^1.9.0"
            },
            "dependencies": {
                "tslib": {
                    "version": "1.14.1",
                    "resolved": "https://registry.npmjs.org/tslib/-/tslib-1.14.1.tgz",
                    "integrity": "sha512-Xni35NKzjgMrwevysHTCArtLDpPvye8zV/0E4EyYn43P7/7qvQwPh9BGkHewbMulVntbigmcT7rdX3BNo9wRJg==",
                    "peer": true
                }
            }
        },
        "ngx-dropzone": {
            "version": "3.1.0",
            "resolved": "https://registry.npmjs.org/ngx-dropzone/-/ngx-dropzone-3.1.0.tgz",
            "integrity": "sha512-5RBaEl07QUcY6sv/BBPyIxN6nbWY/KqTGheEKgbuGS0N1QPFY7NJUo8+X3fYUwQgLS+wjJeqPiR37dd0YNDtWA==",
            "peer": true,
            "requires": {
                "tslib": "^2.0.0"
            }
        },
        "rxjs": {
            "version": "7.8.0",
            "resolved": "https://registry.npmjs.org/rxjs/-/rxjs-7.8.0.tgz",
            "integrity": "sha512-F2+gxDshqmIub1KdvZkaEfGDwLNpPvk9Fs6LD/MyQxNgMds/WH9OdDDXOmxUZpME+iSK3rQCctkL0DYyytUqMg==",
            "peer": true,
            "requires": {
                "tslib": "^2.1.0"
            }
        },
        "tslib": {
            "version": "2.5.0",
            "resolved": "https://registry.npmjs.org/tslib/-/tslib-2.5.0.tgz",
            "integrity": "sha512-336iVw3rtn2BUK7ORdIAHTyxHGRIHVReokCR3XjbckJMK7ms8FysBfhLR8IXnAgy7T0PTPNBWKiH514FOW/WSg=="
        },
        "viewerjs": {
            "version": "1.11.3",
            "resolved": "https://registry.npmjs.org/viewerjs/-/viewerjs-1.11.3.tgz",
            "integrity": "sha512-efG3U61Umuj/1x6JAtdvnY9m407C/RkrkFilsMcLEWKDivpjNU3/FeL+feCY1Vkur9aQeBJ+z6K4CCPP7hv6vA==",
            "peer": true
        },
        "zone.js": {
            "version": "0.13.0",
            "resolved": "https://registry.npmjs.org/zone.js/-/zone.js-0.13.0.tgz",
            "integrity": "sha512-7m3hNNyswsdoDobCkYNAy5WiUulkMd3+fWaGT9ij6iq3Zr/IwJo4RMCYPSDjT+r7tnPErmY9sZpKhWQ8S5k6XQ==",
            "peer": true,
            "requires": {
                "tslib": "^2.3.0"
            }
        }
    }
}
