{
    "name": "ng-tailwind",
    "version": "4.2.26",
    "lockfileVersion": 3,
    "requires": true,
    "packages": {
        "": {
            "name": "ng-tailwind",
            "version": "4.2.26",
            "dependencies": {
                "inputmask": "^5.0.8",
                "moment": "^2.29.4",
                "tslib": "^2.6.2"
            },
            "devDependencies": {
                "@types/node": "^20.6.2"
            },
            "peerDependencies": {
                "@angular/common": "^16.0.0",
                "@angular/core": "^16.0.0",
                "@ng-select/ng-select": ">=11.1.1",
                "angular-svg-icon": "^16.1.0",
                "eloverde-doc-viewer": ">=1.1.0",
                "flatpickr": ">=4.6.3",
                "ng2-flatpickr": ">=9.0.0",
                "ngx-dropzone": ">=3.1.0",
                "rxjs": ">=7.5.5",
                "viewerjs": ">=1.11.6"
            }
        },
        "node_modules/@angular/common": {
            "version": "16.2.5",
            "resolved": "https://registry.npmjs.org/@angular/common/-/common-16.2.5.tgz",
            "integrity": "sha512-MCPSZfPXTEqdkswPczivwjqV117YeVjObtyxZsDAwrTZHzYBtfQreQG1XJ1IRRgDncznP6ke0mdH9LyD2LgZKQ==",
            "peer": true,
            "dependencies": {
                "tslib": "^2.3.0"
            },
            "engines": {
                "node": "^16.14.0 || >=18.10.0"
            },
            "peerDependencies": {
                "@angular/core": "16.2.5",
                "rxjs": "^6.5.3 || ^7.4.0"
            }
        },
        "node_modules/@angular/core": {
            "version": "16.2.5",
            "resolved": "https://registry.npmjs.org/@angular/core/-/core-16.2.5.tgz",
            "integrity": "sha512-Po2LMUnPg23D2qI7EYaoA4x3lRswx9nxfpwROzfFPbMNJ3JVbTK0HkTD2dFPGxRua2UjfJTb1um23tEGO4OGMQ==",
            "peer": true,
            "dependencies": {
                "tslib": "^2.3.0"
            },
            "engines": {
                "node": "^16.14.0 || >=18.10.0"
            },
            "peerDependencies": {
                "rxjs": "^6.5.3 || ^7.4.0",
                "zone.js": "~0.13.0"
            }
        },
        "node_modules/@angular/forms": {
            "version": "16.2.5",
            "resolved": "https://registry.npmjs.org/@angular/forms/-/forms-16.2.5.tgz",
            "integrity": "sha512-iYJImRji1OiYIcC2mDBcXhtvPfAoEGT+HqZpivu+/ZPLuf+QegC9+ktJw90SQXR+xccmpkUb9MsJ52SN2MgkPA==",
            "peer": true,
            "dependencies": {
                "tslib": "^2.3.0"
            },
            "engines": {
                "node": "^16.14.0 || >=18.10.0"
            },
            "peerDependencies": {
                "@angular/common": "16.2.5",
                "@angular/core": "16.2.5",
                "@angular/platform-browser": "16.2.5",
                "rxjs": "^6.5.3 || ^7.4.0"
            }
        },
        "node_modules/@angular/platform-browser": {
            "version": "16.2.5",
            "resolved": "https://registry.npmjs.org/@angular/platform-browser/-/platform-browser-16.2.5.tgz",
            "integrity": "sha512-p+1GH/M4Vwoyp7brKkNBcMTxscoZxA1zehetFlNr8kArXWiISgPolyqOVzvT6cycYKu5uSRLnvHOTDss6xrAuA==",
            "peer": true,
            "dependencies": {
                "tslib": "^2.3.0"
            },
            "engines": {
                "node": "^16.14.0 || >=18.10.0"
            },
            "peerDependencies": {
                "@angular/animations": "16.2.5",
                "@angular/common": "16.2.5",
                "@angular/core": "16.2.5"
            },
            "peerDependenciesMeta": {
                "@angular/animations": {
                    "optional": true
                }
            }
        },
        "node_modules/@ng-select/ng-select": {
            "version": "11.1.1",
            "resolved": "https://registry.npmjs.org/@ng-select/ng-select/-/ng-select-11.1.1.tgz",
            "integrity": "sha512-Z5wV/u2HgaKl7CQSG3Sy1oF+BPQolmVV6jBuPqHa2+OWg0Nn2e9eXYdcZT8Q3BahfP5j5rHNIBrkkESg/m4YiQ==",
            "peer": true,
            "dependencies": {
                "tslib": "^2.3.1"
            },
            "engines": {
                "node": ">= 16",
                "npm": ">= 8"
            },
            "peerDependencies": {
                "@angular/common": "^16.0.0",
                "@angular/core": "^16.0.0",
                "@angular/forms": "^16.0.0"
            }
        },
        "node_modules/@types/node": {
            "version": "20.6.2",
            "resolved": "https://registry.npmjs.org/@types/node/-/node-20.6.2.tgz",
            "integrity": "sha512-Y+/1vGBHV/cYk6OI1Na/LHzwnlNCAfU3ZNGrc1LdRe/LAIbdDPTTv/HU3M7yXN448aTVDq3eKRm2cg7iKLb8gw==",
            "dev": true
        },
        "node_modules/angular-svg-icon": {
            "version": "16.1.0",
            "resolved": "https://registry.npmjs.org/angular-svg-icon/-/angular-svg-icon-16.1.0.tgz",
            "integrity": "sha512-CioO2ShiPe6rpTeDG5f86zvSKvBM1BIc4ySeoB3tjRa+Y9yFP3ZE1ZhkGsLEvZv/JtN2pKoh/UEesJxc90GIpQ==",
            "peer": true,
            "dependencies": {
                "tslib": "^2.3.1"
            },
            "peerDependencies": {
                "@angular/common": ">=16.0.0",
                "@angular/core": ">=16.0.0",
                "rxjs": ">=6.6.3"
            }
        },
        "node_modules/eloverde-doc-viewer": {
            "version": "1.1.0",
            "resolved": "https://registry.npmjs.org/eloverde-doc-viewer/-/eloverde-doc-viewer-1.1.0.tgz",
            "integrity": "sha512-GJuSmuc3whI5GN+WweNgwP4pDooIhmkZnyD2/t0vC4x9kaIbfGHFbzOQX7TqBbedNqPlVSzipA3xObhiGdstrw==",
            "peer": true,
            "dependencies": {
                "tslib": "^2.1.0"
            },
            "peerDependencies": {
                "@angular/common": ">= 10.0.0",
                "@angular/core": ">= 10.0.0",
                "@angular/platform-browser": ">= 10.0.0"
            }
        },
        "node_modules/flatpickr": {
            "version": "4.6.13",
            "resolved": "https://registry.npmjs.org/flatpickr/-/flatpickr-4.6.13.tgz",
            "integrity": "sha512-97PMG/aywoYpB4IvbvUJi0RQi8vearvU0oov1WW3k0WZPBMrTQVqekSX5CjSG/M4Q3i6A/0FKXC7RyAoAUUSPw==",
            "peer": true
        },
        "node_modules/inputmask": {
            "version": "5.0.8",
            "resolved": "https://registry.npmjs.org/inputmask/-/inputmask-5.0.8.tgz",
            "integrity": "sha512-1WcbyudPTXP1B28ozWWyFa6QRIUG4KiLoyR6LFHlpT4OfTzRqFfWgHFadNvRuMN1S9XNVz9CdNvCGjJi+uAMqQ=="
        },
        "node_modules/moment": {
            "version": "2.29.4",
            "resolved": "https://registry.npmjs.org/moment/-/moment-2.29.4.tgz",
            "integrity": "sha512-5LC9SOxjSc2HF6vO2CyuTDNivEdoz2IvyJJGj6X8DJ0eFyfszE0QiEd+iXmBvUP3WHxSjFH/vIsA0EN00cgr8w==",
            "engines": {
                "node": "*"
            }
        },
        "node_modules/ng2-flatpickr": {
            "version": "9.0.0",
            "resolved": "https://registry.npmjs.org/ng2-flatpickr/-/ng2-flatpickr-9.0.0.tgz",
            "integrity": "sha512-lqoiVNOj0UukHrIHiMI0+ei34IlTaDFhYLnSv1U3iAbix+nsZ8RWHWXmW0noVYwALYbUf1U4IpGOWgLb3brAiA==",
            "peer": true,
            "dependencies": {
                "tslib": "^1.9.0"
            },
            "peerDependencies": {
                "flatpickr": "^4.6.0"
            }
        },
        "node_modules/ng2-flatpickr/node_modules/tslib": {
            "version": "1.14.1",
            "resolved": "https://registry.npmjs.org/tslib/-/tslib-1.14.1.tgz",
            "integrity": "sha512-Xni35NKzjgMrwevysHTCArtLDpPvye8zV/0E4EyYn43P7/7qvQwPh9BGkHewbMulVntbigmcT7rdX3BNo9wRJg==",
            "peer": true
        },
        "node_modules/ngx-dropzone": {
            "version": "3.1.0",
            "resolved": "https://registry.npmjs.org/ngx-dropzone/-/ngx-dropzone-3.1.0.tgz",
            "integrity": "sha512-5RBaEl07QUcY6sv/BBPyIxN6nbWY/KqTGheEKgbuGS0N1QPFY7NJUo8+X3fYUwQgLS+wjJeqPiR37dd0YNDtWA==",
            "deprecated": "This package is deprecated and will no longer receive any updates. Please take a look at the official successor repo at hackingharold/ngx-dropzone",
            "peer": true,
            "dependencies": {
                "tslib": "^2.0.0"
            }
        },
        "node_modules/rxjs": {
            "version": "7.8.1",
            "resolved": "https://registry.npmjs.org/rxjs/-/rxjs-7.8.1.tgz",
            "integrity": "sha512-AA3TVj+0A2iuIoQkWEK/tqFjBq2j+6PO6Y0zJcvzLAFhEFIO3HL0vls9hWLncZbAAbK0mar7oZ4V079I/qPMxg==",
            "peer": true,
            "dependencies": {
                "tslib": "^2.1.0"
            }
        },
        "node_modules/tslib": {
            "version": "2.6.2",
            "resolved": "https://registry.npmjs.org/tslib/-/tslib-2.6.2.tgz",
            "integrity": "sha512-AEYxH93jGFPn/a2iVAwW87VuUIkR1FVUKB77NwMF7nBTDkDrrT/Hpt/IrCJ0QXhW27jTBDcf5ZY7w6RiqTMw2Q=="
        },
        "node_modules/viewerjs": {
            "version": "1.11.6",
            "resolved": "https://registry.npmjs.org/viewerjs/-/viewerjs-1.11.6.tgz",
            "integrity": "sha512-TlhdSp2oEOLFXvEp4psKaeTjR5zBjTRcM/sHUN8PkV1UWuY8HKC8n7GaVdW5Xqnwdr/F1OmzLik1QwDjI4w/nw==",
            "peer": true
        },
        "node_modules/zone.js": {
            "version": "0.13.3",
            "resolved": "https://registry.npmjs.org/zone.js/-/zone.js-0.13.3.tgz",
            "integrity": "sha512-MKPbmZie6fASC/ps4dkmIhaT5eonHkEt6eAy80K42tAm0G2W+AahLJjbfi6X9NPdciOE9GRFTTM8u2IiF6O3ww==",
            "peer": true,
            "dependencies": {
                "tslib": "^2.3.0"
            }
        }
    }
}
