{
    "name": "ng-tailwind",
    "version": "7.0.20",
    "lockfileVersion": 3,
    "requires": true,
    "packages": {
        "": {
            "name": "ng-tailwind",
            "version": "7.0.20",
            "dependencies": {
                "inputmask": "^5.0.9",
                "moment": "^2.29.4",
                "tslib": "^2.4.0"
            },
            "devDependencies": {
                "@types/node": "^18.10.0"
            },
            "peerDependencies": {
                "@angular/common": ">=19.0.0",
                "@angular/core": ">=19.0.0",
                "@ng-select/ng-select": ">=10.0.3",
                "angular-svg-icon": ">=8.0.0",
                "eloverde-doc-viewer": ">=2.0.0",
                "ev-date-picker": ">=1.0.0",
                "ngx-dropzone": ">=3.1.0",
                "rxjs": ">=7.5.5",
                "viewerjs": ">=1.10.5"
            }
        },
        "node_modules/@angular/common": {
            "version": "22.1.0",
            "resolved": "https://registry.npmjs.org/@angular/common/-/common-22.1.0.tgz",
            "integrity": "sha512-67L8AS00egxwEKnoMhNDxy+TY+eKOwvwa+os0Odq8nLm7+Qh7JnMVeub8hfncpenOFqlC/RUjO2W9H7Gd2veNA==",
            "license": "MIT",
            "peer": true,
            "dependencies": {
                "tslib": "^2.3.0"
            },
            "engines": {
                "node": "^22.22.3 || ^24.15.0 || >=26.0.0"
            },
            "peerDependencies": {
                "@angular/core": "22.1.0",
                "rxjs": "^6.5.3 || ^7.4.0"
            }
        },
        "node_modules/@angular/core": {
            "version": "22.1.0",
            "resolved": "https://registry.npmjs.org/@angular/core/-/core-22.1.0.tgz",
            "integrity": "sha512-X5UaMuOCI4HAvSQIs3QtM+5e0Cni16DRaHUIL3BIBd4ZQNnSH3pZ25TsKQ8Jlu/3hAQ9rzV278kNQcecooGJ7g==",
            "license": "MIT",
            "peer": true,
            "dependencies": {
                "tslib": "^2.3.0"
            },
            "engines": {
                "node": "^22.22.3 || ^24.15.0 || >=26.0.0"
            },
            "peerDependencies": {
                "@angular/compiler": "22.1.0",
                "rxjs": "^6.5.3 || ^7.4.0",
                "zone.js": "~0.15.0 || ~0.16.0"
            },
            "peerDependenciesMeta": {
                "@angular/compiler": {
                    "optional": true
                },
                "zone.js": {
                    "optional": true
                }
            }
        },
        "node_modules/@angular/forms": {
            "version": "22.1.0",
            "resolved": "https://registry.npmjs.org/@angular/forms/-/forms-22.1.0.tgz",
            "integrity": "sha512-nWlSM/pPp78Sx/fBM/tFEgZxdfZe50LkCE2/hkO22Fi1UM2maGc43LDsu/s6l0q9hFep4Wj+xa30KXDBS7Cn8A==",
            "license": "MIT",
            "peer": true,
            "dependencies": {
                "@standard-schema/spec": "^1.0.0",
                "tslib": "^2.3.0",
                "zod": "^4.0.10"
            },
            "engines": {
                "node": "^22.22.3 || ^24.15.0 || >=26.0.0"
            },
            "peerDependencies": {
                "@angular/common": "22.1.0",
                "@angular/core": "22.1.0",
                "@angular/platform-browser": "22.1.0",
                "rxjs": "^6.5.3 || ^7.4.0"
            }
        },
        "node_modules/@angular/platform-browser": {
            "version": "22.1.0",
            "resolved": "https://registry.npmjs.org/@angular/platform-browser/-/platform-browser-22.1.0.tgz",
            "integrity": "sha512-gqUYDUiPfwbaLYdH8WLnOLl3feo3OcNpnMO08HBHaUdi4TLNkC28xwa9fC6ANyYD22QZ5A3abSg8fmR6upWMwg==",
            "license": "MIT",
            "peer": true,
            "dependencies": {
                "tslib": "^2.3.0"
            },
            "engines": {
                "node": "^22.22.3 || ^24.15.0 || >=26.0.0"
            },
            "peerDependencies": {
                "@angular/animations": "22.1.0",
                "@angular/common": "22.1.0",
                "@angular/core": "22.1.0"
            },
            "peerDependenciesMeta": {
                "@angular/animations": {
                    "optional": true
                }
            }
        },
        "node_modules/@ng-select/ng-select": {
            "version": "23.5.1",
            "resolved": "https://registry.npmjs.org/@ng-select/ng-select/-/ng-select-23.5.1.tgz",
            "integrity": "sha512-gYnZNpSBPy4ZzYShx1CyvZ31dkc8t7KI7OZEfXWCw1pHrWbe/H1OKIguX6JEJjnOu2WH7toCvycA1Dtjp7Gnvg==",
            "license": "MIT",
            "peer": true,
            "dependencies": {
                "tslib": "^2.8.1"
            },
            "engines": {
                "node": "^22.12.0 || ^24.0.0 || ^26.0.0"
            },
            "peerDependencies": {
                "@angular/common": "^22.0.0",
                "@angular/core": "^22.0.0",
                "@angular/forms": "^22.0.0"
            }
        },
        "node_modules/@standard-schema/spec": {
            "version": "1.1.0",
            "resolved": "https://registry.npmjs.org/@standard-schema/spec/-/spec-1.1.0.tgz",
            "integrity": "sha512-l2aFy5jALhniG5HgqrD6jXLi/rUWrKvqN/qJx6yoJsgKhblVd+iqqU4RCXavm/jPityDo5TCvKMnpjKnOriy0w==",
            "license": "MIT",
            "peer": true
        },
        "node_modules/@types/node": {
            "version": "18.19.120",
            "resolved": "https://registry.npmjs.org/@types/node/-/node-18.19.120.tgz",
            "integrity": "sha512-WtCGHFXnVI8WHLxDAt5TbnCM4eSE+nI0QN2NJtwzcgMhht2eNz6V9evJrk+lwC8bCY8OWV5Ym8Jz7ZEyGnKnMA==",
            "dev": true,
            "license": "MIT",
            "dependencies": {
                "undici-types": "~5.26.4"
            }
        },
        "node_modules/angular-svg-icon": {
            "version": "19.1.1",
            "resolved": "https://registry.npmjs.org/angular-svg-icon/-/angular-svg-icon-19.1.1.tgz",
            "integrity": "sha512-4uKVdkc68ii2nadJAqJDbRfMFaD3JZ4AK2S28PjGDvXfvtE5T28lm/CFZA3MKqUesUZlneJAaOX4cpC3pvoCZQ==",
            "license": "MIT",
            "peer": true,
            "dependencies": {
                "tslib": "^2.3.1"
            },
            "peerDependencies": {
                "@angular/common": ">=19.0.0",
                "@angular/core": ">=19.0.0",
                "rxjs": ">=6.6.3"
            }
        },
        "node_modules/eloverde-doc-viewer": {
            "version": "2.0.1",
            "resolved": "https://registry.npmjs.org/eloverde-doc-viewer/-/eloverde-doc-viewer-2.0.1.tgz",
            "integrity": "sha512-ta8A2cCPTacCiBoNoKbcGeGDul3xlopwV8Wb5cPYxYIXbu3z8s5i8ZC8Ox7KjYS14daoOpYao1U1OIEAIoSMig==",
            "license": "MIT",
            "peer": true,
            "dependencies": {
                "tslib": "^2.3.0"
            },
            "peerDependencies": {
                "@angular/common": ">= 10.0.0",
                "@angular/core": ">= 10.0.0",
                "@angular/platform-browser": ">= 10.0.0"
            }
        },
        "node_modules/ev-date-picker": {
            "version": "1.1.0",
            "resolved": "https://registry.npmjs.org/ev-date-picker/-/ev-date-picker-1.1.0.tgz",
            "integrity": "sha512-TnQp56s/y2G0nq+6No55B5vrGXqkHxvP9YBOu0+B6wgi9p2zViaS4WaRxKS5iE4gJWktwvA6ioIGzkqRIw+emQ==",
            "license": "MIT",
            "peer": true,
            "dependencies": {
                "tslib": "^2.3.0"
            },
            "peerDependencies": {
                "@angular/common": ">=16.0.0",
                "@angular/core": ">=16.0.0",
                "flatpickr": ">=4.6.13"
            }
        },
        "node_modules/flatpickr": {
            "version": "4.6.13",
            "resolved": "https://registry.npmjs.org/flatpickr/-/flatpickr-4.6.13.tgz",
            "integrity": "sha512-97PMG/aywoYpB4IvbvUJi0RQi8vearvU0oov1WW3k0WZPBMrTQVqekSX5CjSG/M4Q3i6A/0FKXC7RyAoAUUSPw==",
            "license": "MIT",
            "peer": true
        },
        "node_modules/inputmask": {
            "version": "5.0.9",
            "resolved": "https://registry.npmjs.org/inputmask/-/inputmask-5.0.9.tgz",
            "integrity": "sha512-s0lUfqcEbel+EQXtehXqwCJGShutgieOaIImFKC/r4reYNvX3foyrChl6LOEvaEgxEbesePIrw1Zi2jhZaDZbQ==",
            "license": "MIT"
        },
        "node_modules/moment": {
            "version": "2.30.1",
            "resolved": "https://registry.npmjs.org/moment/-/moment-2.30.1.tgz",
            "integrity": "sha512-uEmtNhbDOrWPFS+hdjFCBfy9f2YoyzRpwcl+DqpC6taX21FzsTLQVbMV/W7PzNSX6x/bhC1zA3c2UQ5NzH6how==",
            "license": "MIT",
            "engines": {
                "node": "*"
            }
        },
        "node_modules/ngx-dropzone": {
            "version": "3.1.0",
            "resolved": "https://registry.npmjs.org/ngx-dropzone/-/ngx-dropzone-3.1.0.tgz",
            "integrity": "sha512-5RBaEl07QUcY6sv/BBPyIxN6nbWY/KqTGheEKgbuGS0N1QPFY7NJUo8+X3fYUwQgLS+wjJeqPiR37dd0YNDtWA==",
            "deprecated": "This package is deprecated and will no longer receive any updates. Please take a look at the official successor repo at hackingharold/ngx-dropzone",
            "license": "MIT",
            "peer": true,
            "dependencies": {
                "tslib": "^2.0.0"
            }
        },
        "node_modules/rxjs": {
            "version": "7.8.2",
            "resolved": "https://registry.npmjs.org/rxjs/-/rxjs-7.8.2.tgz",
            "integrity": "sha512-dhKf903U/PQZY6boNNtAGdWbG85WAbjT/1xYoZIC7FAY0yWapOBQVsVrDl58W86//e1VpMNBtRV4MaXfdMySFA==",
            "license": "Apache-2.0",
            "peer": true,
            "dependencies": {
                "tslib": "^2.1.0"
            }
        },
        "node_modules/tslib": {
            "version": "2.8.1",
            "resolved": "https://registry.npmjs.org/tslib/-/tslib-2.8.1.tgz",
            "integrity": "sha512-oJFu94HQb+KVduSUQL7wnpmqnfmLsOA/nAh6b6EH0wCEoK0/mPeXU6c3wKDV83MkOuHPRHtSXKKU99IBazS/2w==",
            "license": "0BSD"
        },
        "node_modules/undici-types": {
            "version": "5.26.5",
            "resolved": "https://registry.npmjs.org/undici-types/-/undici-types-5.26.5.tgz",
            "integrity": "sha512-JlCMO+ehdEIKqlFxk6IfVoAUVmgz7cU7zD/h9XZ0qzeosSHmUJVOzSQvvYSYWXkFXC+IfLKSIffhv0sVZup6pA==",
            "dev": true,
            "license": "MIT"
        },
        "node_modules/viewerjs": {
            "version": "1.11.7",
            "resolved": "https://registry.npmjs.org/viewerjs/-/viewerjs-1.11.7.tgz",
            "integrity": "sha512-0JuVqOmL5v1jmEAlG5EBDR3XquxY8DWFQbFMprOXgaBB0F7Q/X9xWdEaQc59D8xzwkdUgXEMSSknTpriq95igg==",
            "license": "MIT",
            "peer": true
        },
        "node_modules/zod": {
            "version": "4.4.3",
            "resolved": "https://registry.npmjs.org/zod/-/zod-4.4.3.tgz",
            "integrity": "sha512-ytENFjIJFl2UwYglde2jchW2Hwm4GJFLDiSXWdTrJQBIN9Fcyp7n4DhxJEiWNAJMV1/BqWfW/kkg71UDcHJyTQ==",
            "license": "MIT",
            "peer": true,
            "funding": {
                "url": "https://github.com/sponsors/colinhacks"
            }
        }
    }
}
